// !$*UTF8*$!
{
	archiveVersion = 1;
	classes = {
	};
	objectVersion = 46;
	objects = {

/* Begin PBXBuildFile section */
		CD0C70531BFEBA4300A3E53B /* DynamicLibraryLoadTracker.framework in Frameworks */ = {isa = PBXBuildFile; fileRef = CD98F6701BEED80700627134 /* DynamicLibraryLoadTracker.framework */; };
		CD0C70541BFEBA4300A3E53B /* DynamicLibraryLoadTracker.framework in Embed Frameworks */ = {isa = PBXBuildFile; fileRef = CD98F6701BEED80700627134 /* DynamicLibraryLoadTracker.framework */; settings = {ATTRIBUTES = (CodeSignOnCopy, RemoveHeadersOnCopy, ); }; };
		CD4D92BB1BF2D5EC0089A0B2 /* AppDelegate.swift in Sources */ = {isa = PBXBuildFile; fileRef = CD4D92BA1BF2D5EC0089A0B2 /* AppDelegate.swift */; };
		CD4D92BD1BF2D5EC0089A0B2 /* TDLLTViewController.swift in Sources */ = {isa = PBXBuildFile; fileRef = CD4D92BC1BF2D5EC0089A0B2 /* TDLLTViewController.swift */; };
		CD4D92C01BF2D5EC0089A0B2 /* Main.storyboard in Resources */ = {isa = PBXBuildFile; fileRef = CD4D92BE1BF2D5EC0089A0B2 /* Main.storyboard */; };
		CD4D92C21BF2D5EC0089A0B2 /* Assets.xcassets in Resources */ = {isa = PBXBuildFile; fileRef = CD4D92C11BF2D5EC0089A0B2 /* Assets.xcassets */; };
		CD4D92C51BF2D5EC0089A0B2 /* LaunchScreen.storyboard in Resources */ = {isa = PBXBuildFile; fileRef = CD4D92C31BF2D5EC0089A0B2 /* LaunchScreen.storyboard */; };
		CD98F6741BEED80700627134 /* DynamicLibraryLoadTracker.h in Headers */ = {isa = PBXBuildFile; fileRef = CD98F6731BEED80700627134 /* DynamicLibraryLoadTracker.h */; settings = {ATTRIBUTES = (Public, ); }; };
		CD98F6921BF0396E00627134 /* DLLoadTracker.swift in Sources */ = {isa = PBXBuildFile; fileRef = CD98F68E1BF0193600627134 /* DLLoadTracker.swift */; };
/* End PBXBuildFile section */

/* Begin PBXContainerItemProxy section */
		CD0C70551BFEBA4300A3E53B /* PBXContainerItemProxy */ = {
			isa = PBXContainerItemProxy;
			containerPortal = CD98F6671BEED80700627134 /* Project object */;
			proxyType = 1;
			remoteGlobalIDString = CD98F66F1BEED80700627134;
			remoteInfo = DynamicLibraryLoadTracker;
		};
/* End PBXContainerItemProxy section */

/* Begin PBXCopyFilesBuildPhase section */
		CD0C70571BFEBA4300A3E53B /* Embed Frameworks */ = {
			isa = PBXCopyFilesBuildPhase;
			buildActionMask = 2147483647;
			dstPath = "";
			dstSubfolderSpec = 10;
			files = (
				CD0C70541BFEBA4300A3E53B /* DynamicLibraryLoadTracker.framework in Embed Frameworks */,
			);
			name = "Embed Frameworks";
			runOnlyForDeploymentPostprocessing = 0;
		};
/* End PBXCopyFilesBuildPhase section */

/* Begin PBXFileReference section */
		CD4D92B81BF2D5EB0089A0B2 /* TestingDynamicLibraryLoadTracker.app */ = {isa = PBXFileReference; explicitFileType = wrapper.application; includeInIndex = 0; path = TestingDynamicLibraryLoadTracker.app; sourceTree = BUILT_PRODUCTS_DIR; };
		CD4D92BA1BF2D5EC0089A0B2 /* AppDelegate.swift */ = {isa = PBXFileReference; lastKnownFileType = sourcecode.swift; path = AppDelegate.swift; sourceTree = "<group>"; };
		CD4D92BC1BF2D5EC0089A0B2 /* TDLLTViewController.swift */ = {isa = PBXFileReference; lastKnownFileType = sourcecode.swift; path = TDLLTViewController.swift; sourceTree = "<group>"; };
		CD4D92BF1BF2D5EC0089A0B2 /* Base */ = {isa = PBXFileReference; lastKnownFileType = file.storyboard; name = Base; path = Base.lproj/Main.storyboard; sourceTree = "<group>"; };
		CD4D92C11BF2D5EC0089A0B2 /* Assets.xcassets */ = {isa = PBXFileReference; lastKnownFileType = folder.assetcatalog; path = Assets.xcassets; sourceTree = "<group>"; };
		CD4D92C41BF2D5EC0089A0B2 /* Base */ = {isa = PBXFileReference; lastKnownFileType = file.storyboard; name = Base; path = Base.lproj/LaunchScreen.storyboard; sourceTree = "<group>"; };
		CD4D92C61BF2D5EC0089A0B2 /* Info.plist */ = {isa = PBXFileReference; lastKnownFileType = text.plist.xml; path = Info.plist; sourceTree = "<group>"; };
		CD98F6701BEED80700627134 /* DynamicLibraryLoadTracker.framework */ = {isa = PBXFileReference; explicitFileType = wrapper.framework; includeInIndex = 0; path = DynamicLibraryLoadTracker.framework; sourceTree = BUILT_PRODUCTS_DIR; };
		CD98F6731BEED80700627134 /* DynamicLibraryLoadTracker.h */ = {isa = PBXFileReference; lastKnownFileType = sourcecode.c.h; path = DynamicLibraryLoadTracker.h; sourceTree = "<group>"; };
		CD98F6751BEED80700627134 /* Info.plist */ = {isa = PBXFileReference; lastKnownFileType = text.plist.xml; path = Info.plist; sourceTree = "<group>"; };
		CD98F68E1BF0193600627134 /* DLLoadTracker.swift */ = {isa = PBXFileReference; fileEncoding = 4; lastKnownFileType = sourcecode.swift; path = DLLoadTracker.swift; sourceTree = "<group>"; };
/* End PBXFileReference section */

/* Begin PBXFrameworksBuildPhase section */
		CD4D92B51BF2D5EB0089A0B2 /* Frameworks */ = {
			isa = PBXFrameworksBuildPhase;
			buildActionMask = 2147483647;
			files = (
				CD0C70531BFEBA4300A3E53B /* DynamicLibraryLoadTracker.framework in Frameworks */,
			);
			runOnlyForDeploymentPostprocessing = 0;
		};
		CD98F66C1BEED80700627134 /* Frameworks */ = {
			isa = PBXFrameworksBuildPhase;
			buildActionMask = 2147483647;
			files = (
			);
			runOnlyForDeploymentPostprocessing = 0;
		};
/* End PBXFrameworksBuildPhase section */

/* Begin PBXGroup section */
		CD4D92B91BF2D5EC0089A0B2 /* TestingDynamicLibraryLoadTracker */ = {
			isa = PBXGroup;
			children = (
				CD4D92BA1BF2D5EC0089A0B2 /* AppDelegate.swift */,
				CD4D92BC1BF2D5EC0089A0B2 /* TDLLTViewController.swift */,
				CD4D92BE1BF2D5EC0089A0B2 /* Main.storyboard */,
				CD4D92C11BF2D5EC0089A0B2 /* Assets.xcassets */,
				CD4D92C31BF2D5EC0089A0B2 /* LaunchScreen.storyboard */,
				CD4D92C61BF2D5EC0089A0B2 /* Info.plist */,
			);
			path = TestingDynamicLibraryLoadTracker;
			sourceTree = "<group>";
		};
		CD98F6661BEED80700627134 = {
			isa = PBXGroup;
			children = (
				CD98F6721BEED80700627134 /* DynamicLibraryLoadTracker */,
				CD4D92B91BF2D5EC0089A0B2 /* TestingDynamicLibraryLoadTracker */,
				CD98F6711BEED80700627134 /* Products */,
			);
			sourceTree = "<group>";
		};
		CD98F6711BEED80700627134 /* Products */ = {
			isa = PBXGroup;
			children = (
				CD98F6701BEED80700627134 /* DynamicLibraryLoadTracker.framework */,
				CD4D92B81BF2D5EB0089A0B2 /* TestingDynamicLibraryLoadTracker.app */,
			);
			name = Products;
			sourceTree = "<group>";
		};
		CD98F6721BEED80700627134 /* DynamicLibraryLoadTracker */ = {
			isa = PBXGroup;
			children = (
				CD98F6731BEED80700627134 /* DynamicLibraryLoadTracker.h */,
				CD98F68E1BF0193600627134 /* DLLoadTracker.swift */,
				CD98F6751BEED80700627134 /* Info.plist */,
			);
			path = DynamicLibraryLoadTracker;
			sourceTree = "<group>";
		};
/* End PBXGroup section */

/* Begin PBXHeadersBuildPhase section */
		CD98F66D1BEED80700627134 /* Headers */ = {
			isa = PBXHeadersBuildPhase;
			buildActionMask = 2147483647;
			files = (
				CD98F6741BEED80700627134 /* DynamicLibraryLoadTracker.h in Headers */,
			);
			runOnlyForDeploymentPostprocessing = 0;
		};
/* End PBXHeadersBuildPhase section */

/* Begin PBXNativeTarget section */
		CD4D92B71BF2D5EB0089A0B2 /* TestingDynamicLibraryLoadTracker */ = {
			isa = PBXNativeTarget;
			buildConfigurationList = CD4D92E31BF2D5EC0089A0B2 /* Build configuration list for PBXNativeTarget "TestingDynamicLibraryLoadTracker" */;
			buildPhases = (
				CD4D92B41BF2D5EB0089A0B2 /* Sources */,
				CD4D92B51BF2D5EB0089A0B2 /* Frameworks */,
				CD4D92B61BF2D5EB0089A0B2 /* Resources */,
				CD0C70571BFEBA4300A3E53B /* Embed Frameworks */,
			);
			buildRules = (
			);
			dependencies = (
				CD0C70561BFEBA4300A3E53B /* PBXTargetDependency */,
			);
			name = TestingDynamicLibraryLoadTracker;
			productName = TestingDynamicLibraryLoadTracker;
			productReference = CD4D92B81BF2D5EB0089A0B2 /* TestingDynamicLibraryLoadTracker.app */;
			productType = "com.apple.product-type.application";
		};
		CD98F66F1BEED80700627134 /* DynamicLibraryLoadTracker */ = {
			isa = PBXNativeTarget;
			buildConfigurationList = CD98F6841BEED80800627134 /* Build configuration list for PBXNativeTarget "DynamicLibraryLoadTracker" */;
			buildPhases = (
				CD98F66B1BEED80700627134 /* Sources */,
				CD98F66C1BEED80700627134 /* Frameworks */,
				CD98F66D1BEED80700627134 /* Headers */,
				CD98F66E1BEED80700627134 /* Resources */,
			);
			buildRules = (
			);
			dependencies = (
			);
			name = DynamicLibraryLoadTracker;
			productName = DynamicLibraryLoadTracker;
			productReference = CD98F6701BEED80700627134 /* DynamicLibraryLoadTracker.framework */;
			productType = "com.apple.product-type.framework";
		};
/* End PBXNativeTarget section */

/* Begin PBXProject section */
		CD98F6671BEED80700627134 /* Project object */ = {
			isa = PBXProject;
			attributes = {
				LastSwiftUpdateCheck = 0710;
				LastUpgradeCheck = 0940;
				ORGANIZATIONNAME = "Ignat Remizov";
				TargetAttributes = {
					CD4D92B71BF2D5EB0089A0B2 = {
						CreatedOnToolsVersion = 7.1;
						LastSwiftMigration = 0800;
					};
					CD98F66F1BEED80700627134 = {
						CreatedOnToolsVersion = 7.1;
						LastSwiftMigration = 0800;
					};
				};
			};
			buildConfigurationList = CD98F66A1BEED80700627134 /* Build configuration list for PBXProject "DynamicLibraryLoadTracker" */;
			compatibilityVersion = "Xcode 3.2";
			developmentRegion = English;
			hasScannedForEncodings = 0;
			knownRegions = (
				en,
				Base,
			);
			mainGroup = CD98F6661BEED80700627134;
			productRefGroup = CD98F6711BEED80700627134 /* Products */;
			projectDirPath = "";
			projectRoot = "";
			targets = (
				CD98F66F1BEED80700627134 /* DynamicLibraryLoadTracker */,
				CD4D92B71BF2D5EB0089A0B2 /* TestingDynamicLibraryLoadTracker */,
			);
		};
/* End PBXProject section */

/* Begin PBXResourcesBuildPhase section */
		CD4D92B61BF2D5EB0089A0B2 /* Resources */ = {
			isa = PBXResourcesBuildPhase;
			buildActionMask = 2147483647;
			files = (
				CD4D92C51BF2D5EC0089A0B2 /* LaunchScreen.storyboard in Resources */,
				CD4D92C21BF2D5EC0089A0B2 /* Assets.xcassets in Resources */,
				CD4D92C01BF2D5EC0089A0B2 /* Main.storyboard in Resources */,
			);
			runOnlyForDeploymentPostprocessing = 0;
		};
		CD98F66E1BEED80700627134 /* Resources */ = {
			isa = PBXResourcesBuildPhase;
			buildActionMask = 2147483647;
			files = (
			);
			runOnlyForDeploymentPostprocessing = 0;
		};
/* End PBXResourcesBuildPhase section */

/* Begin PBXSourcesBuildPhase section */
		CD4D92B41BF2D5EB0089A0B2 /* Sources */ = {
			isa = PBXSourcesBuildPhase;
			buildActionMask = 2147483647;
			files = (
				CD4D92BD1BF2D5EC0089A0B2 /* TDLLTViewController.swift in Sources */,
				CD4D92BB1BF2D5EC0089A0B2 /* AppDelegate.swift in Sources */,
			);
			runOnlyForDeploymentPostprocessing = 0;
		};
		CD98F66B1BEED80700627134 /* Sources */ = {
			isa = PBXSourcesBuildPhase;
			buildActionMask = 2147483647;
			files = (
				CD98F6921BF0396E00627134 /* DLLoadTracker.swift in Sources */,
			);
			runOnlyForDeploymentPostprocessing = 0;
		};
/* End PBXSourcesBuildPhase section */

/* Begin PBXTargetDependency section */
		CD0C70561BFEBA4300A3E53B /* PBXTargetDependency */ = {
			isa = PBXTargetDependency;
			target = CD98F66F1BEED80700627134 /* DynamicLibraryLoadTracker */;
			targetProxy = CD0C70551BFEBA4300A3E53B /* PBXContainerItemProxy */;
		};
/* End PBXTargetDependency section */

/* Begin PBXVariantGroup section */
		CD4D92BE1BF2D5EC0089A0B2 /* Main.storyboard */ = {
			isa = PBXVariantGroup;
			children = (
				CD4D92BF1BF2D5EC0089A0B2 /* Base */,
			);
			name = Main.storyboard;
			sourceTree = "<group>";
		};
		CD4D92C31BF2D5EC0089A0B2 /* LaunchScreen.storyboard */ = {
			isa = PBXVariantGroup;
			children = (
				CD4D92C41BF2D5EC0089A0B2 /* Base */,
			);
			name = LaunchScreen.storyboard;
			sourceTree = "<group>";
		};
/* End PBXVariantGroup section */

/* Begin XCBuildConfiguration section */
		CD4D92DD1BF2D5EC0089A0B2 /* Debug */ = {
			isa = XCBuildConfiguration;
			buildSettings = {
				ALWAYS_EMBED_SWIFT_STANDARD_LIBRARIES = YES;
				ASSETCATALOG_COMPILER_APPICON_NAME = AppIcon;
				CLANG_ENABLE_MODULE_DEBUGGING = YES;
				CODE_SIGN_IDENTITY = "iPhone Developer";
				"CODE_SIGN_IDENTITY[sdk=iphoneos*]" = "iPhone Developer";
				INFOPLIST_FILE = TestingDynamicLibraryLoadTracker/Info.plist;
				IPHONEOS_DEPLOYMENT_TARGET = 9.1;
				LD_RUNPATH_SEARCH_PATHS = "$(inherited) @executable_path/Frameworks";
				PRODUCT_BUNDLE_IDENTIFIER = com.makeschool.students.TestingDynamicLibraryLoadTracker;
				PRODUCT_NAME = "$(TARGET_NAME)";
				PROVISIONING_PROFILE = "";
				SWIFT_VERSION = 3.0;
			};
			name = Debug;
		};
		CD4D92DE1BF2D5EC0089A0B2 /* Release */ = {
			isa = XCBuildConfiguration;
			buildSettings = {
				ALWAYS_EMBED_SWIFT_STANDARD_LIBRARIES = YES;
				ASSETCATALOG_COMPILER_APPICON_NAME = AppIcon;
				CLANG_ENABLE_MODULE_DEBUGGING = YES;
				CODE_SIGN_IDENTITY = "iPhone Developer";
				"CODE_SIGN_IDENTITY[sdk=iphoneos*]" = "iPhone Developer";
				INFOPLIST_FILE = TestingDynamicLibraryLoadTracker/Info.plist;
				IPHONEOS_DEPLOYMENT_TARGET = 9.1;
				LD_RUNPATH_SEARCH_PATHS = "$(inherited) @executable_path/Frameworks";
				PRODUCT_BUNDLE_IDENTIFIER = com.makeschool.students.TestingDynamicLibraryLoadTracker;
				PRODUCT_NAME = "$(TARGET_NAME)";
				PROVISIONING_PROFILE = "";
				SWIFT_VERSION = 3.0;
			};
			name = Release;
		};
		CD98F6821BEED80800627134 /* Debug */ = {
			isa = XCBuildConfiguration;
			buildSettings = {
				ALWAYS_SEARCH_USER_PATHS = NO;
				CLANG_CXX_LANGUAGE_STANDARD = "gnu++0x";
				CLANG_CXX_LIBRARY = "libc++";
				CLANG_ENABLE_MODULES = YES;
				CLANG_ENABLE_OBJC_ARC = YES;
				CLANG_WARN_BLOCK_CAPTURE_AUTORELEASING = YES;
				CLANG_WARN_BOOL_CONVERSION = YES;
				CLANG_WARN_COMMA = YES;
				CLANG_WARN_CONSTANT_CONVERSION = YES;
				CLANG_WARN_DEPRECATED_OBJC_IMPLEMENTATIONS = YES;
				CLANG_WARN_DIRECT_OBJC_ISA_USAGE = YES_ERROR;
				CLANG_WARN_EMPTY_BODY = YES;
				CLANG_WARN_ENUM_CONVERSION = YES;
				CLANG_WARN_INFINITE_RECURSION = YES;
				CLANG_WARN_INT_CONVERSION = YES;
				CLANG_WARN_NON_LITERAL_NULL_CONVERSION = YES;
				CLANG_WARN_OBJC_IMPLICIT_RETAIN_SELF = YES;
				CLANG_WARN_OBJC_LITERAL_CONVERSION = YES;
				CLANG_WARN_OBJC_ROOT_CLASS = YES_ERROR;
				CLANG_WARN_RANGE_LOOP_ANALYSIS = YES;
				CLANG_WARN_STRICT_PROTOTYPES = YES;
				CLANG_WARN_SUSPICIOUS_MOVE = YES;
				CLANG_WARN_UNREACHABLE_CODE = YES;
				CLANG_WARN__DUPLICATE_METHOD_MATCH = YES;
				"CODE_SIGN_IDENTITY[sdk=iphoneos*]" = "iPhone Developer";
				COPY_PHASE_STRIP = NO;
				CURRENT_PROJECT_VERSION = 1;
				DEBUG_INFORMATION_FORMAT = dwarf;
				ENABLE_STRICT_OBJC_MSGSEND = YES;
				ENABLE_TESTABILITY = YES;
				GCC_C_LANGUAGE_STANDARD = gnu99;
				GCC_DYNAMIC_NO_PIC = NO;
				GCC_NO_COMMON_BLOCKS = YES;
				GCC_OPTIMIZATION_LEVEL = 0;
				GCC_PREPROCESSOR_DEFINITIONS = (
					"DEBUG=1",
					"$(inherited)",
				);
				GCC_WARN_64_TO_32_BIT_CONVERSION = YES;
				GCC_WARN_ABOUT_RETURN_TYPE = YES_ERROR;
				GCC_WARN_UNDECLARED_SELECTOR = YES;
				GCC_WARN_UNINITIALIZED_AUTOS = YES_AGGRESSIVE;
				GCC_WARN_UNUSED_FUNCTION = YES;
				GCC_WARN_UNUSED_VARIABLE = YES;
				IPHONEOS_DEPLOYMENT_TARGET = 9.1;
				MTL_ENABLE_DEBUG_INFO = YES;
				ONLY_ACTIVE_ARCH = YES;
				SDKROOT = iphoneos;
				SWIFT_OPTIMIZATION_LEVEL = "-Onone";
				TARGETED_DEVICE_FAMILY = "1,2";
				VERSIONING_SYSTEM = "apple-generic";
				VERSION_INFO_PREFIX = "";
			};
			name = Debug;
		};
		CD98F6831BEED80800627134 /* Release */ = {
			isa = XCBuildConfiguration;
			buildSettings = {
				ALWAYS_SEARCH_USER_PATHS = NO;
				CLANG_CXX_LANGUAGE_STANDARD = "gnu++0x";
				CLANG_CXX_LIBRARY = "libc++";
				CLANG_ENABLE_MODULES = YES;
				CLANG_ENABLE_OBJC_ARC = YES;
				CLANG_WARN_BLOCK_CAPTURE_AUTORELEASING = YES;
				CLANG_WARN_BOOL_CONVERSION = YES;
				CLANG_WARN_COMMA = YES;
				CLANG_WARN_CONSTANT_CONVERSION = YES;
				CLANG_WARN_DEPRECATED_OBJC_IMPLEMENTATIONS = YES;
				CLANG_WARN_DIRECT_OBJC_ISA_USAGE = YES_ERROR;
				CLANG_WARN_EMPTY_BODY = YES;
				CLANG_WARN_ENUM_CONVERSION = YES;
				CLANG_WARN_INFINITE_RECURSION = YES;
				CLANG_WARN_INT_CONVERSION = YES;
				CLANG_WARN_NON_LITERAL_NULL_CONVERSION = YES;
				CLANG_WARN_OBJC_IMPLICIT_RETAIN_SELF = YES;
				CLANG_WARN_OBJC_LITERAL_CONVERSION = YES;
				CLANG_WARN_OBJC_ROOT_CLASS = YES_ERROR;
				CLANG_WARN_RANGE_LOOP_ANALYSIS = YES;
				CLANG_WARN_STRICT_PROTOTYPES = YES;
				CLANG_WARN_SUSPICIOUS_MOVE = YES;
				CLANG_WARN_UNREACHABLE_CODE = YES;
				CLANG_WARN__DUPLICATE_METHOD_MATCH = YES;
				"CODE_SIGN_IDENTITY[sdk=iphoneos*]" = "iPhone Developer";
				COPY_PHASE_STRIP = NO;
				CURRENT_PROJECT_VERSION = 1;
				DEBUG_INFORMATION_FORMAT = "dwarf-with-dsym";
				ENABLE_NS_ASSERTIONS = NO;
				ENABLE_STRICT_OBJC_MSGSEND = YES;
				GCC_C_LANGUAGE_STANDARD = gnu99;
				GCC_NO_COMMON_BLOCKS = YES;
				GCC_WARN_64_TO_32_BIT_CONVERSION = YES;
				GCC_WARN_ABOUT_RETURN_TYPE = YES_ERROR;
				GCC_WARN_UNDECLARED_SELECTOR = YES;
				GCC_WARN_UNINITIALIZED_AUTOS = YES_AGGRESSIVE;
				GCC_WARN_UNUSED_FUNCTION = YES;
				GCC_WARN_UNUSED_VARIABLE = YES;
				IPHONEOS_DEPLOYMENT_TARGET = 9.1;
				MTL_ENABLE_DEBUG_INFO = NO;
				SDKROOT = iphoneos;
				SWIFT_OPTIMIZATION_LEVEL = "-Owholemodule";
				TARGETED_DEVICE_FAMILY = "1,2";
				VALIDATE_PRODUCT = YES;
				VERSIONING_SYSTEM = "apple-generic";
				VERSION_INFO_PREFIX = "";
			};
			name = Release;
		};
		CD98F6851BEED80800627134 /* Debug */ = {
			isa = XCBuildConfiguration;
			buildSettings = {
				CLANG_ENABLE_MODULES = YES;
				CODE_SIGN_IDENTITY = "iPhone Developer";
				"CODE_SIGN_IDENTITY[sdk=iphoneos*]" = "";
				DEFINES_MODULE = YES;
				DYLIB_COMPATIBILITY_VERSION = 1;
				DYLIB_CURRENT_VERSION = 1;
				DYLIB_INSTALL_NAME_BASE = "@rpath";
				INFOPLIST_FILE = DynamicLibraryLoadTracker/Info.plist;
				INSTALL_PATH = "$(LOCAL_LIBRARY_DIR)/Frameworks";
				LD_RUNPATH_SEARCH_PATHS = "$(inherited) @executable_path/Frameworks @loader_path/Frameworks";
				PRODUCT_BUNDLE_IDENTIFIER = com.makeschool.students.DynamicLibraryLoadTracker;
				PRODUCT_NAME = "$(TARGET_NAME)";
				PROVISIONING_PROFILE = "";
				SKIP_INSTALL = YES;
				SWIFT_OPTIMIZATION_LEVEL = "-Onone";
				SWIFT_VERSION = 3.0;
			};
			name = Debug;
		};
		CD98F6861BEED80800627134 /* Release */ = {
			isa = XCBuildConfiguration;
			buildSettings = {
				CLANG_ENABLE_MODULES = YES;
				CODE_SIGN_IDENTITY = "iPhone Developer";
				"CODE_SIGN_IDENTITY[sdk=iphoneos*]" = "";
				DEFINES_MODULE = YES;
				DYLIB_COMPATIBILITY_VERSION = 1;
				DYLIB_CURRENT_VERSION = 1;
				DYLIB_INSTALL_NAME_BASE = "@rpath";
				INFOPLIST_FILE = DynamicLibraryLoadTracker/Info.plist;
				INSTALL_PATH = "$(LOCAL_LIBRARY_DIR)/Frameworks";
				LD_RUNPATH_SEARCH_PATHS = "$(inherited) @executable_path/Frameworks @loader_path/Frameworks";
				PRODUCT_BUNDLE_IDENTIFIER = com.makeschool.students.DynamicLibraryLoadTracker;
				PRODUCT_NAME = "$(TARGET_NAME)";
				PROVISIONING_PROFILE = "";
				SKIP_INSTALL = YES;
				SWIFT_VERSION = 3.0;
			};
			name = Release;
		};
/* End XCBuildConfiguration section */

/* Begin XCConfigurationList section */
		CD4D92E31BF2D5EC0089A0B2 /* Build configuration list for PBXNativeTarget "TestingDynamicLibraryLoadTracker" */ = {
			isa = XCConfigurationList;
			buildConfigurations = (
				CD4D92DD1BF2D5EC0089A0B2 /* Debug */,
				CD4D92DE1BF2D5EC0089A0B2 /* Release */,
			);
			defaultConfigurationIsVisible = 0;
			defaultConfigurationName = Release;
		};
		CD98F66A1BEED80700627134 /* Build configuration list for PBXProject "DynamicLibraryLoadTracker" */ = {
			isa = XCConfigurationList;
			buildConfigurations = (
				CD98F6821BEED80800627134 /* Debug */,
				CD98F6831BEED80800627134 /* Release */,
			);
			defaultConfigurationIsVisible = 0;
			defaultConfigurationName = Release;
		};
		CD98F6841BEED80800627134 /* Build configuration list for PBXNativeTarget "DynamicLibraryLoadTracker" */ = {
			isa = XCConfigurationList;
			buildConfigurations = (
				CD98F6851BEED80800627134 /* Debug */,
				CD98F6861BEED80800627134 /* Release */,
			);
			defaultConfigurationIsVisible = 0;
			defaultConfigurationName = Release;
		};
/* End XCConfigurationList section */
	};
	rootObject = CD98F6671BEED80700627134 /* Project object */;
}
