// !$*UTF8*$!
{
	archiveVersion = 1;
	classes = {
	};
	objectVersion = 46;
	objects = {

/* Begin PBXBuildFile section */
		CD98F6741BEED80700627134 /* DynamicLibraryLoadTracker.h in Headers */ = {isa = PBXBuildFile; fileRef = CD98F6731BEED80700627134 /* DynamicLibraryLoadTracker.h */; settings = {ATTRIBUTES = (Public, ); }; };
		CD98F67B1BEED80700627134 /* DynamicLibraryLoadTracker.framework in Frameworks */ = {isa = PBXBuildFile; fileRef = CD98F6701BEED80700627134 /* DynamicLibraryLoadTracker.framework */; };
		CD98F6801BEED80800627134 /* DynamicLibraryLoadTrackerTests.swift in Sources */ = {isa = PBXBuildFile; fileRef = CD98F67F1BEED80800627134 /* DynamicLibraryLoadTrackerTests.swift */; };
		CD98F68D1BF018E500627134 /* DynamicLibraryLoadTracker-Swift.h in Headers */ = {isa = PBXBuildFile; fileRef = CD98F68C1BF018E500627134 /* DynamicLibraryLoadTracker-Swift.h */; };
		CD98F6921BF0396E00627134 /* DLLoadTracker.swift in Sources */ = {isa = PBXBuildFile; fileRef = CD98F68E1BF0193600627134 /* DLLoadTracker.swift */; };
/* End PBXBuildFile section */

/* Begin PBXContainerItemProxy section */
		CD98F67C1BEED80700627134 /* PBXContainerItemProxy */ = {
			isa = PBXContainerItemProxy;
			containerPortal = CD98F6671BEED80700627134 /* Project object */;
			proxyType = 1;
			remoteGlobalIDString = CD98F66F1BEED80700627134;
			remoteInfo = DynamicLibraryLoadTracker;
		};
/* End PBXContainerItemProxy section */

/* Begin PBXFileReference section */
		CD98F6701BEED80700627134 /* DynamicLibraryLoadTracker.framework */ = {isa = PBXFileReference; explicitFileType = wrapper.framework; includeInIndex = 0; path = DynamicLibraryLoadTracker.framework; sourceTree = BUILT_PRODUCTS_DIR; };
		CD98F6731BEED80700627134 /* DynamicLibraryLoadTracker.h */ = {isa = PBXFileReference; lastKnownFileType = sourcecode.c.h; path = DynamicLibraryLoadTracker.h; sourceTree = "<group>"; };
		CD98F6751BEED80700627134 /* Info.plist */ = {isa = PBXFileReference; lastKnownFileType = text.plist.xml; path = Info.plist; sourceTree = "<group>"; };
		CD98F67A1BEED80700627134 /* DynamicLibraryLoadTrackerTests.xctest */ = {isa = PBXFileReference; explicitFileType = wrapper.cfbundle; includeInIndex = 0; path = DynamicLibraryLoadTrackerTests.xctest; sourceTree = BUILT_PRODUCTS_DIR; };
		CD98F67F1BEED80800627134 /* DynamicLibraryLoadTrackerTests.swift */ = {isa = PBXFileReference; lastKnownFileType = sourcecode.swift; path = DynamicLibraryLoadTrackerTests.swift; sourceTree = "<group>"; };
		CD98F6811BEED80800627134 /* Info.plist */ = {isa = PBXFileReference; lastKnownFileType = text.plist.xml; path = Info.plist; sourceTree = "<group>"; };
		CD98F68C1BF018E500627134 /* DynamicLibraryLoadTracker-Swift.h */ = {isa = PBXFileReference; fileEncoding = 4; lastKnownFileType = sourcecode.c.h; path = "DynamicLibraryLoadTracker-Swift.h"; sourceTree = SOURCE_ROOT; };
		CD98F68E1BF0193600627134 /* DLLoadTracker.swift */ = {isa = PBXFileReference; fileEncoding = 4; lastKnownFileType = sourcecode.swift; path = DLLoadTracker.swift; sourceTree = "<group>"; };
/* End PBXFileReference section */

/* Begin PBXFrameworksBuildPhase section */
		CD98F66C1BEED80700627134 /* Frameworks */ = {
			isa = PBXFrameworksBuildPhase;
			buildActionMask = 2147483647;
			files = (
			);
			runOnlyForDeploymentPostprocessing = 0;
		};
		CD98F6771BEED80700627134 /* Frameworks */ = {
			isa = PBXFrameworksBuildPhase;
			buildActionMask = 2147483647;
			files = (
				CD98F67B1BEED80700627134 /* DynamicLibraryLoadTracker.framework in Frameworks */,
			);
			runOnlyForDeploymentPostprocessing = 0;
		};
/* End PBXFrameworksBuildPhase section */

/* Begin PBXGroup section */
		CD98F6661BEED80700627134 = {
			isa = PBXGroup;
			children = (
				CD98F6721BEED80700627134 /* DynamicLibraryLoadTracker */,
				CD98F67E1BEED80700627134 /* DynamicLibraryLoadTrackerTests */,
				CD98F6711BEED80700627134 /* Products */,
			);
			sourceTree = "<group>";
		};
		CD98F6711BEED80700627134 /* Products */ = {
			isa = PBXGroup;
			children = (
				CD98F6701BEED80700627134 /* DynamicLibraryLoadTracker.framework */,
				CD98F67A1BEED80700627134 /* DynamicLibraryLoadTrackerTests.xctest */,
			);
			name = Products;
			sourceTree = "<group>";
		};
		CD98F6721BEED80700627134 /* DynamicLibraryLoadTracker */ = {
			isa = PBXGroup;
			children = (
				CD98F6731BEED80700627134 /* DynamicLibraryLoadTracker.h */,
				CD98F68C1BF018E500627134 /* DynamicLibraryLoadTracker-Swift.h */,
				CD98F68E1BF0193600627134 /* DLLoadTracker.swift */,
				CD98F6751BEED80700627134 /* Info.plist */,
			);
			path = DynamicLibraryLoadTracker;
			sourceTree = "<group>";
		};
		CD98F67E1BEED80700627134 /* DynamicLibraryLoadTrackerTests */ = {
			isa = PBXGroup;
			children = (
				CD98F67F1BEED80800627134 /* DynamicLibraryLoadTrackerTests.swift */,
				CD98F6811BEED80800627134 /* Info.plist */,
			);
			path = DynamicLibraryLoadTrackerTests;
			sourceTree = "<group>";
		};
/* End PBXGroup section */

/* Begin PBXHeadersBuildPhase section */
		CD98F66D1BEED80700627134 /* Headers */ = {
			isa = PBXHeadersBuildPhase;
			buildActionMask = 2147483647;
			files = (
				CD98F6741BEED80700627134 /* DynamicLibraryLoadTracker.h in Headers */,
				CD98F68D1BF018E500627134 /* DynamicLibraryLoadTracker-Swift.h in Headers */,
			);
			runOnlyForDeploymentPostprocessing = 0;
		};
/* End PBXHeadersBuildPhase section */

/* Begin PBXNativeTarget section */
		CD98F66F1BEED80700627134 /* DynamicLibraryLoadTracker */ = {
			isa = PBXNativeTarget;
			buildConfigurationList = CD98F6841BEED80800627134 /* Build configuration list for PBXNativeTarget "DynamicLibraryLoadTracker" */;
			buildPhases = (
				CD98F66B1BEED80700627134 /* Sources */,
				CD98F66C1BEED80700627134 /* Frameworks */,
				CD98F66D1BEED80700627134 /* Headers */,
				CD98F66E1BEED80700627134 /* Resources */,
			);
			buildRules = (
			);
			dependencies = (
			);
			name = DynamicLibraryLoadTracker;
			productName = DynamicLibraryLoadTracker;
			productReference = CD98F6701BEED80700627134 /* DynamicLibraryLoadTracker.framework */;
			productType = "com.apple.product-type.framework";
		};
		CD98F6791BEED80700627134 /* DynamicLibraryLoadTrackerTests */ = {
			isa = PBXNativeTarget;
			buildConfigurationList = CD98F6871BEED80800627134 /* Build configuration list for PBXNativeTarget "DynamicLibraryLoadTrackerTests" */;
			buildPhases = (
				CD98F6761BEED80700627134 /* Sources */,
				CD98F6771BEED80700627134 /* Frameworks */,
				CD98F6781BEED80700627134 /* Resources */,
			);
			buildRules = (
			);
			dependencies = (
				CD98F67D1BEED80700627134 /* PBXTargetDependency */,
			);
			name = DynamicLibraryLoadTrackerTests;
			productName = DynamicLibraryLoadTrackerTests;
			productReference = CD98F67A1BEED80700627134 /* DynamicLibraryLoadTrackerTests.xctest */;
			productType = "com.apple.product-type.bundle.unit-test";
		};
/* End PBXNativeTarget section */

/* Begin PBXProject section */
		CD98F6671BEED80700627134 /* Project object */ = {
			isa = PBXProject;
			attributes = {
				LastSwiftUpdateCheck = 0710;
				LastUpgradeCheck = 0710;
				ORGANIZATIONNAME = "Ignat Remizov";
				TargetAttributes = {
					CD98F66F1BEED80700627134 = {
						CreatedOnToolsVersion = 7.1;
					};
					CD98F6791BEED80700627134 = {
						CreatedOnToolsVersion = 7.1;
					};
				};
			};
			buildConfigurationList = CD98F66A1BEED80700627134 /* Build configuration list for PBXProject "DynamicLibraryLoadTracker" */;
			compatibilityVersion = "Xcode 3.2";
			developmentRegion = English;
			hasScannedForEncodings = 0;
			knownRegions = (
				en,
			);
			mainGroup = CD98F6661BEED80700627134;
			productRefGroup = CD98F6711BEED80700627134 /* Products */;
			projectDirPath = "";
			projectRoot = "";
			targets = (
				CD98F66F1BEED80700627134 /* DynamicLibraryLoadTracker */,
				CD98F6791BEED80700627134 /* DynamicLibraryLoadTrackerTests */,
			);
		};
/* End PBXProject section */

/* Begin PBXResourcesBuildPhase section */
		CD98F66E1BEED80700627134 /* Resources */ = {
			isa = PBXResourcesBuildPhase;
			buildActionMask = 2147483647;
			files = (
			);
			runOnlyForDeploymentPostprocessing = 0;
		};
		CD98F6781BEED80700627134 /* Resources */ = {
			isa = PBXResourcesBuildPhase;
			buildActionMask = 2147483647;
			files = (
			);
			runOnlyForDeploymentPostprocessing = 0;
		};
/* End PBXResourcesBuildPhase section */

/* Begin PBXSourcesBuildPhase section */
		CD98F66B1BEED80700627134 /* Sources */ = {
			isa = PBXSourcesBuildPhase;
			buildActionMask = 2147483647;
			files = (
				CD98F6921BF0396E00627134 /* DLLoadTracker.swift in Sources */,
			);
			runOnlyForDeploymentPostprocessing = 0;
		};
		CD98F6761BEED80700627134 /* Sources */ = {
			isa = PBXSourcesBuildPhase;
			buildActionMask = 2147483647;
			files = (
				CD98F6801BEED80800627134 /* DynamicLibraryLoadTrackerTests.swift in Sources */,
			);
			runOnlyForDeploymentPostprocessing = 0;
		};
/* End PBXSourcesBuildPhase section */

/* Begin PBXTargetDependency section */
		CD98F67D1BEED80700627134 /* PBXTargetDependency */ = {
			isa = PBXTargetDependency;
			target = CD98F66F1BEED80700627134 /* DynamicLibraryLoadTracker */;
			targetProxy = CD98F67C1BEED80700627134 /* PBXContainerItemProxy */;
		};
/* End PBXTargetDependency section */

/* Begin XCBuildConfiguration section */
		CD98F6821BEED80800627134 /* Debug */ = {
			isa = XCBuildConfiguration;
			buildSettings = {
				ALWAYS_SEARCH_USER_PATHS = NO;
				CLANG_CXX_LANGUAGE_STANDARD = "gnu++0x";
				CLANG_CXX_LIBRARY = "libc++";
				CLANG_ENABLE_MODULES = YES;
				CLANG_ENABLE_OBJC_ARC = YES;
				CLANG_WARN_BOOL_CONVERSION = YES;
				CLANG_WARN_CONSTANT_CONVERSION = YES;
				CLANG_WARN_DIRECT_OBJC_ISA_USAGE = YES_ERROR;
				CLANG_WARN_EMPTY_BODY = YES;
				CLANG_WARN_ENUM_CONVERSION = YES;
				CLANG_WARN_INT_CONVERSION = YES;
				CLANG_WARN_OBJC_ROOT_CLASS = YES_ERROR;
				CLANG_WARN_UNREACHABLE_CODE = YES;
				CLANG_WARN__DUPLICATE_METHOD_MATCH = YES;
				"CODE_SIGN_IDENTITY[sdk=iphoneos*]" = "iPhone Developer";
				COPY_PHASE_STRIP = NO;
				CURRENT_PROJECT_VERSION = 1;
				DEBUG_INFORMATION_FORMAT = dwarf;
				ENABLE_STRICT_OBJC_MSGSEND = YES;
				ENABLE_TESTABILITY = YES;
				GCC_C_LANGUAGE_STANDARD = gnu99;
				GCC_DYNAMIC_NO_PIC = NO;
				GCC_NO_COMMON_BLOCKS = YES;
				GCC_OPTIMIZATION_LEVEL = 0;
				GCC_PREPROCESSOR_DEFINITIONS = (
					"DEBUG=1",
					"$(inherited)",
				);
				GCC_WARN_64_TO_32_BIT_CONVERSION = YES;
				GCC_WARN_ABOUT_RETURN_TYPE = YES_ERROR;
				GCC_WARN_UNDECLARED_SELECTOR = YES;
				GCC_WARN_UNINITIALIZED_AUTOS = YES_AGGRESSIVE;
				GCC_WARN_UNUSED_FUNCTION = YES;
				GCC_WARN_UNUSED_VARIABLE = YES;
				IPHONEOS_DEPLOYMENT_TARGET = 9.1;
				MTL_ENABLE_DEBUG_INFO = YES;
				ONLY_ACTIVE_ARCH = YES;
				SDKROOT = iphoneos;
				SWIFT_OPTIMIZATION_LEVEL = "-Onone";
				TARGETED_DEVICE_FAMILY = "1,2";
				VERSIONING_SYSTEM = "apple-generic";
				VERSION_INFO_PREFIX = "";
			};
			name = Debug;
		};
		CD98F6831BEED80800627134 /* Release */ = {
			isa = XCBuildConfiguration;
			buildSettings = {
				ALWAYS_SEARCH_USER_PATHS = NO;
				CLANG_CXX_LANGUAGE_STANDARD = "gnu++0x";
				CLANG_CXX_LIBRARY = "libc++";
				CLANG_ENABLE_MODULES = YES;
				CLANG_ENABLE_OBJC_ARC = YES;
				CLANG_WARN_BOOL_CONVERSION = YES;
				CLANG_WARN_CONSTANT_CONVERSION = YES;
				CLANG_WARN_DIRECT_OBJC_ISA_USAGE = YES_ERROR;
				CLANG_WARN_EMPTY_BODY = YES;
				CLANG_WARN_ENUM_CONVERSION = YES;
				CLANG_WARN_INT_CONVERSION = YES;
				CLANG_WARN_OBJC_ROOT_CLASS = YES_ERROR;
				CLANG_WARN_UNREACHABLE_CODE = YES;
				CLANG_WARN__DUPLICATE_METHOD_MATCH = YES;
				"CODE_SIGN_IDENTITY[sdk=iphoneos*]" = "iPhone Developer";
				COPY_PHASE_STRIP = NO;
				CURRENT_PROJECT_VERSION = 1;
				DEBUG_INFORMATION_FORMAT = "dwarf-with-dsym";
				ENABLE_NS_ASSERTIONS = NO;
				ENABLE_STRICT_OBJC_MSGSEND = YES;
				GCC_C_LANGUAGE_STANDARD = gnu99;
				GCC_NO_COMMON_BLOCKS = YES;
				GCC_WARN_64_TO_32_BIT_CONVERSION = YES;
				GCC_WARN_ABOUT_RETURN_TYPE = YES_ERROR;
				GCC_WARN_UNDECLARED_SELECTOR = YES;
				GCC_WARN_UNINITIALIZED_AUTOS = YES_AGGRESSIVE;
				GCC_WARN_UNUSED_FUNCTION = YES;
				GCC_WARN_UNUSED_VARIABLE = YES;
				IPHONEOS_DEPLOYMENT_TARGET = 9.1;
				MTL_ENABLE_DEBUG_INFO = NO;
				SDKROOT = iphoneos;
				TARGETED_DEVICE_FAMILY = "1,2";
				VALIDATE_PRODUCT = YES;
				VERSIONING_SYSTEM = "apple-generic";
				VERSION_INFO_PREFIX = "";
			};
			name = Release;
		};
		CD98F6851BEED80800627134 /* Debug */ = {
			isa = XCBuildConfiguration;
			buildSettings = {
				CLANG_ENABLE_MODULES = YES;
				DEFINES_MODULE = YES;
				DYLIB_COMPATIBILITY_VERSION = 1;
				DYLIB_CURRENT_VERSION = 1;
				DYLIB_INSTALL_NAME_BASE = "@rpath";
				INFOPLIST_FILE = DynamicLibraryLoadTracker/Info.plist;
				INSTALL_PATH = "$(LOCAL_LIBRARY_DIR)/Frameworks";
				LD_RUNPATH_SEARCH_PATHS = "$(inherited) @executable_path/Frameworks @loader_path/Frameworks";
				PRODUCT_BUNDLE_IDENTIFIER = com.makeschool.students.DynamicLibraryLoadTracker;
				PRODUCT_NAME = "$(TARGET_NAME)";
				SKIP_INSTALL = YES;
				SWIFT_OPTIMIZATION_LEVEL = "-Onone";
			};
			name = Debug;
		};
		CD98F6861BEED80800627134 /* Release */ = {
			isa = XCBuildConfiguration;
			buildSettings = {
				CLANG_ENABLE_MODULES = YES;
				DEFINES_MODULE = YES;
				DYLIB_COMPATIBILITY_VERSION = 1;
				DYLIB_CURRENT_VERSION = 1;
				DYLIB_INSTALL_NAME_BASE = "@rpath";
				INFOPLIST_FILE = DynamicLibraryLoadTracker/Info.plist;
				INSTALL_PATH = "$(LOCAL_LIBRARY_DIR)/Frameworks";
				LD_RUNPATH_SEARCH_PATHS = "$(inherited) @executable_path/Frameworks @loader_path/Frameworks";
				PRODUCT_BUNDLE_IDENTIFIER = com.makeschool.students.DynamicLibraryLoadTracker;
				PRODUCT_NAME = "$(TARGET_NAME)";
				SKIP_INSTALL = YES;
			};
			name = Release;
		};
		CD98F6881BEED80800627134 /* Debug */ = {
			isa = XCBuildConfiguration;
			buildSettings = {
				INFOPLIST_FILE = DynamicLibraryLoadTrackerTests/Info.plist;
				LD_RUNPATH_SEARCH_PATHS = "$(inherited) @executable_path/Frameworks @loader_path/Frameworks";
				PRODUCT_BUNDLE_IDENTIFIER = com.makeschool.students.DynamicLibraryLoadTrackerTests;
				PRODUCT_NAME = "$(TARGET_NAME)";
			};
			name = Debug;
		};
		CD98F6891BEED80800627134 /* Release */ = {
			isa = XCBuildConfiguration;
			buildSettings = {
				INFOPLIST_FILE = DynamicLibraryLoadTrackerTests/Info.plist;
				LD_RUNPATH_SEARCH_PATHS = "$(inherited) @executable_path/Frameworks @loader_path/Frameworks";
				PRODUCT_BUNDLE_IDENTIFIER = com.makeschool.students.DynamicLibraryLoadTrackerTests;
				PRODUCT_NAME = "$(TARGET_NAME)";
			};
			name = Release;
		};
/* End XCBuildConfiguration section */

/* Begin XCConfigurationList section */
		CD98F66A1BEED80700627134 /* Build configuration list for PBXProject "DynamicLibraryLoadTracker" */ = {
			isa = XCConfigurationList;
			buildConfigurations = (
				CD98F6821BEED80800627134 /* Debug */,
				CD98F6831BEED80800627134 /* Release */,
			);
			defaultConfigurationIsVisible = 0;
			defaultConfigurationName = Release;
		};
		CD98F6841BEED80800627134 /* Build configuration list for PBXNativeTarget "DynamicLibraryLoadTracker" */ = {
			isa = XCConfigurationList;
			buildConfigurations = (
				CD98F6851BEED80800627134 /* Debug */,
				CD98F6861BEED80800627134 /* Release */,
			);
			defaultConfigurationIsVisible = 0;
		};
		CD98F6871BEED80800627134 /* Build configuration list for PBXNativeTarget "DynamicLibraryLoadTrackerTests" */ = {
			isa = XCConfigurationList;
			buildConfigurations = (
				CD98F6881BEED80800627134 /* Debug */,
				CD98F6891BEED80800627134 /* Release */,
			);
			defaultConfigurationIsVisible = 0;
		};
/* End XCConfigurationList section */
	};
	rootObject = CD98F6671BEED80700627134 /* Project object */;
}
